core:changelogs:
  - content: "---\npackages:\n  \"@fumadocs-editor/ui\":\n    type: minor\n---\n\n### Compose the editor from parts\n\n`MdxEditor` is now a preset over exported parts: `MdxEditor.Root` owns the\ndocument (parse, sync, collab, the ref) and renders no chrome;\n`MdxEditor.Visual`, `MdxEditor.Source`, `MdxEditor.Status` and\n`MdxEditor.Tabs` render inside it, in any layout, both surfaces at once if\nyou want a split view. `useSourceText()`, `useSyncStatus()` and\n`useEditorMode()` back chrome of your own, a CodeMirror source pane for\nexample.\n\nThe document is the truth and the source is a projection: visual edits\nserialize into the text, text edits parse back into the document, and text\nthat does not parse leaves the document alone and reports the error.\n\nUnder the hood the root is now a plain document store; the parts and hooks\nsubscribe to it, so a source-only or a split host pays for nothing it does\nnot render.\n"
    filename: 2026-09-08-source-editor-slot.md
    v: 0.0.0
core:packages:
  - id: npm:@fumadocs-editor/core
    updated: false
  - id: npm:@fumadocs-editor/studio
    updated: true
  - changelogIds:
      - 2026-09-08-source-editor-slot.md
    id: npm:@fumadocs-editor/ui
    updated: true
npm:packages:
  - id: npm:@fumadocs-editor/core
  - id: npm:@fumadocs-editor/studio
  - id: npm:@fumadocs-editor/ui
  - id: npm:docs
  - id: npm:playground
